
Microsoft Visual Studio Solution File, Format Version 12.00
# Visual Studio Version 17
VisualStudioVersion = 17.10.35013.160
MinimumVisualStudioVersion = 10.0.40219.1
Project("{9A19103F-16F7-4668-BE54-9A1E7A4F7556}") = "Authenticate", "Authenticate\Authenticate.csproj", "{B80294BE-D64D-4A8A-850A-AEEAD376B121}"
EndProject
Global
	GlobalSection(SolutionConfigurationPlatforms) = preSolution
		Debug|Any CPU = Debug|Any CPU
		Release|Any CPU = Release|Any CPU
	EndGlobalSection
	GlobalSection(ProjectConfigurationPlatforms) = postSolution
		{B80294BE-D64D-4A8A-850A-AEEAD376B121}.Debug|Any CPU.ActiveCfg = Debug|Any CPU
		{B80294BE-D64D-4A8A-850A-AEEAD376B121}.Debug|Any CPU.Build.0 = Debug|Any CPU
		{B80294BE-D64D-4A8A-850A-AEEAD376B121}.Release|Any CPU.ActiveCfg = Release|Any CPU
		{B80294BE-D64D-4A8A-850A-AEEAD376B121}.Release|Any CPU.Build.0 = Release|Any CPU
	EndGlobalSection
	GlobalSection(SolutionProperties) = preSolution
		HideSolutionNode = FALSE
	EndGlobalSection
	GlobalSection(ExtensibilityGlobals) = postSolution
		SolutionGuid = {636A2AFC-887D-4838-9885-4D1933FC1A08}
	EndGlobalSection
EndGlobal
